
Microsoft Visual Studio Solution File, Format Version 12.00
# Visual Studio Version 16
VisualStudioVersion = 16.0.30711.63
MinimumVisualStudioVersion = 10.0.40219.1
Project("{FAE04EC0-301F-11D3-BF4B-00C04F79EFBC}") = "pmapGUI", "pmapGUI\pmapGUI.csproj", "{5BCC345E-4070-43D4-AC72-41F16A984AC8}"
EndProject
Global
	GlobalSection(SolutionConfigurationPlatforms) = preSolution
		Debug|Any CPU = Debug|Any CPU
		Release|Any CPU = Release|Any CPU
	EndGlobalSection
	GlobalSection(ProjectConfigurationPlatforms) = postSolution
		{5BCC345E-4070-43D4-AC72-41F16A984AC8}.Debug|Any CPU.ActiveCfg = Debug|Any CPU
		{5BCC345E-4070-43D4-AC72-41F16A984AC8}.Debug|Any CPU.Build.0 = Debug|Any CPU
		{5BCC345E-4070-43D4-AC72-41F16A984AC8}.Release|Any CPU.ActiveCfg = Release|Any CPU
		{5BCC345E-4070-43D4-AC72-41F16A984AC8}.Release|Any CPU.Build.0 = Release|Any CPU
	EndGlobalSection
	GlobalSection(SolutionProperties) = preSolution
		HideSolutionNode = FALSE
	EndGlobalSection
	GlobalSection(ExtensibilityGlobals) = postSolution
		SolutionGuid = {A429EF8A-DF44-4BE2-A675-4DF465D1D321}
	EndGlobalSection
EndGlobal
